
Microsoft Visual Studio Solution File, Format Version 11.00
# Visual Studio 2010
Project("{FAE04EC0-301F-11D3-BF4B-00C04F79EFBC}") = "Assembly-CSharp", "Assembly-CSharp.csproj", "{74a3005e-b4a7-8ece-d45e-2634233d7549}"
EndProject
Project("{FAE04EC0-301F-11D3-BF4B-00C04F79EFBC}") = "OEBIF", "OEBIF.csproj", "{cf7e97a8-a6fa-3542-aa90-5aeaa6b84ee0}"
EndProject
Project("{FAE04EC0-301F-11D3-BF4B-00C04F79EFBC}") = "ToonyColorsPro.Runtime", "ToonyColorsPro.Runtime.csproj", "{47f5ea39-ec23-ed55-3fd8-486c1d1da444}"
EndProject
Project("{FAE04EC0-301F-11D3-BF4B-00C04F79EFBC}") = "ToonyColorsPro2.Demo", "ToonyColorsPro2.Demo.csproj", "{365b1253-4a75-2c77-b5d8-3e6c69eeb58b}"
EndProject
Project("{FAE04EC0-301F-11D3-BF4B-00C04F79EFBC}") = "Assembly-CSharp-firstpass", "Assembly-CSharp-firstpass.csproj", "{3c7059eb-ebec-6b92-39ab-f050adbdadbf}"
EndProject
Project("{FAE04EC0-301F-11D3-BF4B-00C04F79EFBC}") = "KinoBloom.Runtime", "KinoBloom.Runtime.csproj", "{ea5dfa0d-d896-fad6-140e-8341036c911b}"
EndProject
Project("{FAE04EC0-301F-11D3-BF4B-00C04F79EFBC}") = "ToonyColorsPro.Editor", "ToonyColorsPro.Editor.csproj", "{e8565b4d-585c-8549-8340-468fa2b44f49}"
EndProject
Project("{FAE04EC0-301F-11D3-BF4B-00C04F79EFBC}") = "ToonyColorsPro.Demo.Editor", "ToonyColorsPro.Demo.Editor.csproj", "{1a5f84e8-002a-ca37-5e0e-1f9fcca45288}"
EndProject
Project("{FAE04EC0-301F-11D3-BF4B-00C04F79EFBC}") = "Assembly-CSharp-Editor", "Assembly-CSharp-Editor.csproj", "{72d1601c-ec3a-1242-facf-8dbd93a8b516}"
EndProject
Global
	GlobalSection(SolutionConfigurationPlatforms) = preSolution
		Debug|Any CPU = Debug|Any CPU
	EndGlobalSection
	GlobalSection(ProjectConfigurationPlatforms) = postSolution
		{74a3005e-b4a7-8ece-d45e-2634233d7549}.Debug|Any CPU.ActiveCfg = Debug|Any CPU
		{74a3005e-b4a7-8ece-d45e-2634233d7549}.Debug|Any CPU.Build.0 = Debug|Any CPU
		{cf7e97a8-a6fa-3542-aa90-5aeaa6b84ee0}.Debug|Any CPU.ActiveCfg = Debug|Any CPU
		{cf7e97a8-a6fa-3542-aa90-5aeaa6b84ee0}.Debug|Any CPU.Build.0 = Debug|Any CPU
		{47f5ea39-ec23-ed55-3fd8-486c1d1da444}.Debug|Any CPU.ActiveCfg = Debug|Any CPU
		{47f5ea39-ec23-ed55-3fd8-486c1d1da444}.Debug|Any CPU.Build.0 = Debug|Any CPU
		{365b1253-4a75-2c77-b5d8-3e6c69eeb58b}.Debug|Any CPU.ActiveCfg = Debug|Any CPU
		{365b1253-4a75-2c77-b5d8-3e6c69eeb58b}.Debug|Any CPU.Build.0 = Debug|Any CPU
		{3c7059eb-ebec-6b92-39ab-f050adbdadbf}.Debug|Any CPU.ActiveCfg = Debug|Any CPU
		{3c7059eb-ebec-6b92-39ab-f050adbdadbf}.Debug|Any CPU.Build.0 = Debug|Any CPU
		{ea5dfa0d-d896-fad6-140e-8341036c911b}.Debug|Any CPU.ActiveCfg = Debug|Any CPU
		{ea5dfa0d-d896-fad6-140e-8341036c911b}.Debug|Any CPU.Build.0 = Debug|Any CPU
		{e8565b4d-585c-8549-8340-468fa2b44f49}.Debug|Any CPU.ActiveCfg = Debug|Any CPU
		{e8565b4d-585c-8549-8340-468fa2b44f49}.Debug|Any CPU.Build.0 = Debug|Any CPU
		{1a5f84e8-002a-ca37-5e0e-1f9fcca45288}.Debug|Any CPU.ActiveCfg = Debug|Any CPU
		{1a5f84e8-002a-ca37-5e0e-1f9fcca45288}.Debug|Any CPU.Build.0 = Debug|Any CPU
		{72d1601c-ec3a-1242-facf-8dbd93a8b516}.Debug|Any CPU.ActiveCfg = Debug|Any CPU
		{72d1601c-ec3a-1242-facf-8dbd93a8b516}.Debug|Any CPU.Build.0 = Debug|Any CPU
	EndGlobalSection
	GlobalSection(SolutionProperties) = preSolution
		HideSolutionNode = FALSE
	EndGlobalSection
EndGlobal
