
Microsoft Visual Studio Solution File, Format Version 11.00
# Visual Studio 2010
Project("{FAE04EC0-301F-11D3-BF4B-00C04F79EFBC}") = "Assembly-CSharp", "Assembly-CSharp.csproj", "{d1b163d5-8d9c-338f-373d-d58998f6dbe2}"
EndProject
Project("{FAE04EC0-301F-11D3-BF4B-00C04F79EFBC}") = "ToonyColorsPro2.Demo", "ToonyColorsPro2.Demo.csproj", "{a0a06580-f669-936f-9479-2121a75b3585}"
EndProject
Project("{FAE04EC0-301F-11D3-BF4B-00C04F79EFBC}") = "ToonyColorsPro.Runtime", "ToonyColorsPro.Runtime.csproj", "{4e0c9743-fea7-8272-67f6-cfae43a4fb3d}"
EndProject
Project("{FAE04EC0-301F-11D3-BF4B-00C04F79EFBC}") = "OEBIF", "OEBIF.csproj", "{3df14c3e-26e1-d204-0381-f8e81e9ffc2f}"
EndProject
Project("{FAE04EC0-301F-11D3-BF4B-00C04F79EFBC}") = "Assembly-CSharp-firstpass", "Assembly-CSharp-firstpass.csproj", "{ad5eda20-572e-3ede-6dfd-162c9d9f5860}"
EndProject
Project("{FAE04EC0-301F-11D3-BF4B-00C04F79EFBC}") = "KinoBloom.Runtime", "KinoBloom.Runtime.csproj", "{19b823e4-59f9-b8eb-6449-af88bef2a092}"
EndProject
Project("{FAE04EC0-301F-11D3-BF4B-00C04F79EFBC}") = "ToonyColorsPro.Editor", "ToonyColorsPro.Editor.csproj", "{a70779e7-2e8b-13f7-43bb-882c6fb8e4c3}"
EndProject
Project("{FAE04EC0-301F-11D3-BF4B-00C04F79EFBC}") = "Assembly-CSharp-Editor", "Assembly-CSharp-Editor.csproj", "{d4121beb-a627-34fd-5873-77772a2f86a1}"
EndProject
Project("{FAE04EC0-301F-11D3-BF4B-00C04F79EFBC}") = "ToonyColorsPro.Demo.Editor", "ToonyColorsPro.Demo.Editor.csproj", "{fcb87f9b-e3cd-82dc-e083-9cf0525778e0}"
EndProject
Global
	GlobalSection(SolutionConfigurationPlatforms) = preSolution
		Debug|Any CPU = Debug|Any CPU
	EndGlobalSection
	GlobalSection(ProjectConfigurationPlatforms) = postSolution
		{d1b163d5-8d9c-338f-373d-d58998f6dbe2}.Debug|Any CPU.ActiveCfg = Debug|Any CPU
		{d1b163d5-8d9c-338f-373d-d58998f6dbe2}.Debug|Any CPU.Build.0 = Debug|Any CPU
		{a0a06580-f669-936f-9479-2121a75b3585}.Debug|Any CPU.ActiveCfg = Debug|Any CPU
		{a0a06580-f669-936f-9479-2121a75b3585}.Debug|Any CPU.Build.0 = Debug|Any CPU
		{4e0c9743-fea7-8272-67f6-cfae43a4fb3d}.Debug|Any CPU.ActiveCfg = Debug|Any CPU
		{4e0c9743-fea7-8272-67f6-cfae43a4fb3d}.Debug|Any CPU.Build.0 = Debug|Any CPU
		{3df14c3e-26e1-d204-0381-f8e81e9ffc2f}.Debug|Any CPU.ActiveCfg = Debug|Any CPU
		{3df14c3e-26e1-d204-0381-f8e81e9ffc2f}.Debug|Any CPU.Build.0 = Debug|Any CPU
		{ad5eda20-572e-3ede-6dfd-162c9d9f5860}.Debug|Any CPU.ActiveCfg = Debug|Any CPU
		{ad5eda20-572e-3ede-6dfd-162c9d9f5860}.Debug|Any CPU.Build.0 = Debug|Any CPU
		{19b823e4-59f9-b8eb-6449-af88bef2a092}.Debug|Any CPU.ActiveCfg = Debug|Any CPU
		{19b823e4-59f9-b8eb-6449-af88bef2a092}.Debug|Any CPU.Build.0 = Debug|Any CPU
		{a70779e7-2e8b-13f7-43bb-882c6fb8e4c3}.Debug|Any CPU.ActiveCfg = Debug|Any CPU
		{a70779e7-2e8b-13f7-43bb-882c6fb8e4c3}.Debug|Any CPU.Build.0 = Debug|Any CPU
		{d4121beb-a627-34fd-5873-77772a2f86a1}.Debug|Any CPU.ActiveCfg = Debug|Any CPU
		{d4121beb-a627-34fd-5873-77772a2f86a1}.Debug|Any CPU.Build.0 = Debug|Any CPU
		{fcb87f9b-e3cd-82dc-e083-9cf0525778e0}.Debug|Any CPU.ActiveCfg = Debug|Any CPU
		{fcb87f9b-e3cd-82dc-e083-9cf0525778e0}.Debug|Any CPU.Build.0 = Debug|Any CPU
	EndGlobalSection
	GlobalSection(SolutionProperties) = preSolution
		HideSolutionNode = FALSE
	EndGlobalSection
EndGlobal
